
Microsoft Visual Studio Solution File, Format Version 12.00
# Visual Studio Version 17
VisualStudioVersion = 17.3.32825.248
MinimumVisualStudioVersion = 10.0.40219.1
Project("{FAE04EC0-301F-11D3-BF4B-00C04F79EFBC}") = "PumpService", "PumpService\PumpService.csproj", "{5CBEF4F9-82F9-4561-A35C-CC0C8BB60FFF}"
EndProject
Project("{FAE04EC0-301F-11D3-BF4B-00C04F79EFBC}") = "PumpConsoleClient", "PumpConsoleClient\PumpConsoleClient.csproj", "{80DA4148-967D-4725-8522-9BBB86E69BA4}"
	ProjectSection(ProjectDependencies) = postProject
		{5CBEF4F9-82F9-4561-A35C-CC0C8BB60FFF} = {5CBEF4F9-82F9-4561-A35C-CC0C8BB60FFF}
	EndProjectSection
EndProject
Global
	GlobalSection(SolutionConfigurationPlatforms) = preSolution
		Debug|Any CPU = Debug|Any CPU
		Release|Any CPU = Release|Any CPU
	EndGlobalSection
	GlobalSection(ProjectConfigurationPlatforms) = postSolution
		{5CBEF4F9-82F9-4561-A35C-CC0C8BB60FFF}.Debug|Any CPU.ActiveCfg = Debug|Any CPU
		{5CBEF4F9-82F9-4561-A35C-CC0C8BB60FFF}.Debug|Any CPU.Build.0 = Debug|Any CPU
		{5CBEF4F9-82F9-4561-A35C-CC0C8BB60FFF}.Release|Any CPU.ActiveCfg = Release|Any CPU
		{5CBEF4F9-82F9-4561-A35C-CC0C8BB60FFF}.Release|Any CPU.Build.0 = Release|Any CPU
		{80DA4148-967D-4725-8522-9BBB86E69BA4}.Debug|Any CPU.ActiveCfg = Debug|Any CPU
		{80DA4148-967D-4725-8522-9BBB86E69BA4}.Debug|Any CPU.Build.0 = Debug|Any CPU
		{80DA4148-967D-4725-8522-9BBB86E69BA4}.Release|Any CPU.ActiveCfg = Release|Any CPU
		{80DA4148-967D-4725-8522-9BBB86E69BA4}.Release|Any CPU.Build.0 = Release|Any CPU
	EndGlobalSection
	GlobalSection(SolutionProperties) = preSolution
		HideSolutionNode = FALSE
	EndGlobalSection
	GlobalSection(ExtensibilityGlobals) = postSolution
		SolutionGuid = {2D9A669B-B6BF-4D92-917A-56E9FAA92A29}
	EndGlobalSection
EndGlobal
